
Microsoft Visual Studio Solution File, Format Version 12.00
# Visual Studio Version 16
VisualStudioVersion = 16.0.31402.337
MinimumVisualStudioVersion = 10.0.40219.1
Project("{FAE04EC0-301F-11D3-BF4B-00C04F79EFBC}") = "SalesWebMVC", "SalesWebMVC\SalesWebMVC.csproj", "{1960AD1F-8B42-46B6-9022-9C5683E88776}"
EndProject
Global
	GlobalSection(SolutionConfigurationPlatforms) = preSolution
		Debug|Any CPU = Debug|Any CPU
		Release|Any CPU = Release|Any CPU
	EndGlobalSection
	GlobalSection(ProjectConfigurationPlatforms) = postSolution
		{1960AD1F-8B42-46B6-9022-9C5683E88776}.Debug|Any CPU.ActiveCfg = Debug|Any CPU
		{1960AD1F-8B42-46B6-9022-9C5683E88776}.Debug|Any CPU.Build.0 = Debug|Any CPU
		{1960AD1F-8B42-46B6-9022-9C5683E88776}.Release|Any CPU.ActiveCfg = Release|Any CPU
		{1960AD1F-8B42-46B6-9022-9C5683E88776}.Release|Any CPU.Build.0 = Release|Any CPU
	EndGlobalSection
	GlobalSection(SolutionProperties) = preSolution
		HideSolutionNode = FALSE
	EndGlobalSection
	GlobalSection(ExtensibilityGlobals) = postSolution
		SolutionGuid = {E30EA219-D966-418B-AFDB-EA28B18364DA}
	EndGlobalSection
EndGlobal
